
Microsoft Visual Studio Solution File, Format Version 11.00
# Visual Studio 2010
Project("{FAE04EC0-301F-11D3-BF4B-00C04F79EFBC}") = "Assembly-CSharp", "Assembly-CSharp.csproj", "{5c9fbc92-9069-83b7-6928-5adfce2a740c}"
EndProject
Project("{FAE04EC0-301F-11D3-BF4B-00C04F79EFBC}") = "Assembly-CSharp-Editor", "Assembly-CSharp-Editor.csproj", "{98c90409-87b8-8ece-9e1c-6695f79c7f85}"
EndProject
Global
	GlobalSection(SolutionConfigurationPlatforms) = preSolution
		Debug|Any CPU = Debug|Any CPU
	EndGlobalSection
	GlobalSection(ProjectConfigurationPlatforms) = postSolution
		{5c9fbc92-9069-83b7-6928-5adfce2a740c}.Debug|Any CPU.ActiveCfg = Debug|Any CPU
		{5c9fbc92-9069-83b7-6928-5adfce2a740c}.Debug|Any CPU.Build.0 = Debug|Any CPU
		{98c90409-87b8-8ece-9e1c-6695f79c7f85}.Debug|Any CPU.ActiveCfg = Debug|Any CPU
		{98c90409-87b8-8ece-9e1c-6695f79c7f85}.Debug|Any CPU.Build.0 = Debug|Any CPU
	EndGlobalSection
	GlobalSection(SolutionProperties) = preSolution
		HideSolutionNode = FALSE
	EndGlobalSection
EndGlobal
